Microsoft Visual Studio Solution File, Format Version 8.00
Project("{FAE04EC0-301F-11D3-BF4B-00C04F79EFBC}") = "Cecil.FlowAnalysis.Tests", "Cecil.FlowAnalysis.Tests\Cecil.FlowAnalysis.Tests.csproj", "{A2D41337-2817-453A-B299-E4DF957CEE7B}"
	ProjectSection(ProjectDependencies) = postProject
	EndProjectSection
EndProject
Project("{FAE04EC0-301F-11D3-BF4B-00C04F79EFBC}") = "Cecil.FlowAnalysis", "Cecil.FlowAnalysis\Cecil.FlowAnalysis.csproj", "{ED1BE103-1699-4116-A732-616BEB142EB2}"
	ProjectSection(ProjectDependencies) = postProject
	EndProjectSection
EndProject
Global
	GlobalSection(SolutionConfiguration) = preSolution
		Debug = Debug
		Release = Release
	EndGlobalSection
	GlobalSection(ProjectConfiguration) = postSolution
		{A2D41337-2817-453A-B299-E4DF957CEE7B}.Debug.ActiveCfg = Debug|.NET
		{A2D41337-2817-453A-B299-E4DF957CEE7B}.Debug.Build.0 = Debug|.NET
		{A2D41337-2817-453A-B299-E4DF957CEE7B}.Release.ActiveCfg = Release|.NET
		{A2D41337-2817-453A-B299-E4DF957CEE7B}.Release.Build.0 = Release|.NET
		{ED1BE103-1699-4116-A732-616BEB142EB2}.Debug.ActiveCfg = Debug|.NET
		{ED1BE103-1699-4116-A732-616BEB142EB2}.Debug.Build.0 = Debug|.NET
		{ED1BE103-1699-4116-A732-616BEB142EB2}.Release.ActiveCfg = Release|.NET
		{ED1BE103-1699-4116-A732-616BEB142EB2}.Release.Build.0 = Release|.NET
	EndGlobalSection
	GlobalSection(ExtensibilityGlobals) = postSolution
	EndGlobalSection
	GlobalSection(ExtensibilityAddIns) = postSolution
	EndGlobalSection
EndGlobal
