Microsoft Visual Studio Solution File, Format Version 9.00
# SharpDevelop 2.0.0.727
Project("{A33008B1-5DAC-44D5-9060-242E3B6E38F2}") = "Mono.Cecil.Tests.Regression", "Mono.Cecil.Tests.Regression.booproj", "{BD1A515B-6A2A-4A1E-885F-6CBE9CE0C3BD}"
EndProject
Global
	GlobalSection(SolutionConfigurationPlatforms) = preSolution
		Debug|Any CPU = Debug|Any CPU
		Release|Any CPU = Release|Any CPU
	EndGlobalSection
	GlobalSection(ProjectConfigurationPlatforms) = postSolution
		{BD1A515B-6A2A-4A1E-885F-6CBE9CE0C3BD}.Debug|Any CPU.Build.0 = Debug|Any CPU
		{BD1A515B-6A2A-4A1E-885F-6CBE9CE0C3BD}.Debug|Any CPU.ActiveCfg = Debug|Any CPU
		{BD1A515B-6A2A-4A1E-885F-6CBE9CE0C3BD}.Release|Any CPU.Build.0 = Release|Any CPU
		{BD1A515B-6A2A-4A1E-885F-6CBE9CE0C3BD}.Release|Any CPU.ActiveCfg = Release|Any CPU
	EndGlobalSection
EndGlobal
